
Microsoft Visual Studio Solution File, Format Version 12.00
# Visual Studio Version 17
VisualStudioVersion = 17.14.36121.58 d17.14
MinimumVisualStudioVersion = 10.0.40219.1
Project("{FAE04EC0-301F-11D3-BF4B-00C04F79EFBC}") = "CustomerOnboardingApi", "CustomerOnboardingApi.csproj", "{C6A52035-B542-4C62-B135-356A75F4B8F0}"
EndProject
Global
	GlobalSection(SolutionConfigurationPlatforms) = preSolution
		Debug|Any CPU = Debug|Any CPU
		Release|Any CPU = Release|Any CPU
	EndGlobalSection
	GlobalSection(ProjectConfigurationPlatforms) = postSolution
		{C6A52035-B542-4C62-B135-356A75F4B8F0}.Debug|Any CPU.ActiveCfg = Debug|Any CPU
		{C6A52035-B542-4C62-B135-356A75F4B8F0}.Debug|Any CPU.Build.0 = Debug|Any CPU
		{C6A52035-B542-4C62-B135-356A75F4B8F0}.Release|Any CPU.ActiveCfg = Release|Any CPU
		{C6A52035-B542-4C62-B135-356A75F4B8F0}.Release|Any CPU.Build.0 = Release|Any CPU
	EndGlobalSection
	GlobalSection(SolutionProperties) = preSolution
		HideSolutionNode = FALSE
	EndGlobalSection
	GlobalSection(ExtensibilityGlobals) = postSolution
		SolutionGuid = {06DC7E77-DE4B-4973-B34D-5C16EA1B5708}
	EndGlobalSection
EndGlobal
